{
  "name": "connect-redis-hono",
  "version": "0.2.0",
  "lockfileVersion": 3,
  "requires": true,
  "packages": {
    "": {
      "name": "connect-redis-hono",
      "version": "0.2.0",
      "license": "MIT",
      "dependencies": {
        "hono-sessions": "^0.3.2"
      }
    },
    "node_modules/hono": {
      "version": "3.5.8",
      "license": "MIT",
      "engines": {
        "node": ">=16.0.0"
      }
    },
    "node_modules/hono-sessions": {
      "version": "0.3.2",
      "license": "MIT",
      "dependencies": {
        "hono": "3.5.8",
        "iron-webcrypto": "0.10.1",
        "nanoid": "4.0.0"
      }
    },
    "node_modules/iron-webcrypto": {
      "version": "0.10.1",
      "license": "MIT",
      "funding": {
        "url": "https://github.com/sponsors/brc-dd"
      }
    },
    "node_modules/nanoid": {
      "version": "4.0.0",
      "license": "MIT",
      "bin": {
        "nanoid": "bin/nanoid.js"
      },
      "engines": {
        "node": "^14 || ^16 || >=18"
      }
    }
  }
}
